// !$*UTF8*$!
{
	archiveVersion = 1;
	classes = {
	};
	objectVersion = 46;
	objects = {

/* Begin PBXBuildFile section */
		0CFE92DCF576F59D5A2B5A4D /* Pods_WorkoutWatch.framework in Frameworks */ = {isa = PBXBuildFile; fileRef = 93B22BBD26D5A2E5446FA6FC /* Pods_WorkoutWatch.framework */; };
		1E1103A21CCBD96400E348E5 /* AppDelegate.swift in Sources */ = {isa = PBXBuildFile; fileRef = 1E1103A11CCBD96400E348E5 /* AppDelegate.swift */; };
		1E1103A71CCBD96400E348E5 /* Main.storyboard in Resources */ = {isa = PBXBuildFile; fileRef = 1E1103A51CCBD96400E348E5 /* Main.storyboard */; };
		1E1103A91CCBD96400E348E5 /* Assets.xcassets in Resources */ = {isa = PBXBuildFile; fileRef = 1E1103A81CCBD96400E348E5 /* Assets.xcassets */; };
		1E1103AC1CCBD96400E348E5 /* LaunchScreen.storyboard in Resources */ = {isa = PBXBuildFile; fileRef = 1E1103AA1CCBD96400E348E5 /* LaunchScreen.storyboard */; };
		1E1103B71CCBD96400E348E5 /* WorkoutWatchTests.swift in Sources */ = {isa = PBXBuildFile; fileRef = 1E1103B61CCBD96400E348E5 /* WorkoutWatchTests.swift */; };
		1E1103C21CCBD96400E348E5 /* WorkoutWatchUITests.swift in Sources */ = {isa = PBXBuildFile; fileRef = 1E1103C11CCBD96400E348E5 /* WorkoutWatchUITests.swift */; };
		1E1103C71CCBD96400E348E5 /* WorkoutWatch WatchKit App.app in Embed Watch Content */ = {isa = PBXBuildFile; fileRef = 1E1103C61CCBD96400E348E5 /* WorkoutWatch WatchKit App.app */; };
		1E1103CD1CCBD96400E348E5 /* Interface.storyboard in Resources */ = {isa = PBXBuildFile; fileRef = 1E1103CB1CCBD96400E348E5 /* Interface.storyboard */; };
		1E1103CF1CCBD96400E348E5 /* Assets.xcassets in Resources */ = {isa = PBXBuildFile; fileRef = 1E1103CE1CCBD96400E348E5 /* Assets.xcassets */; };
		1E1103D61CCBD96400E348E5 /* WorkoutWatch WatchKit Extension.appex in Embed App Extensions */ = {isa = PBXBuildFile; fileRef = 1E1103D51CCBD96400E348E5 /* WorkoutWatch WatchKit Extension.appex */; settings = {ATTRIBUTES = (RemoveHeadersOnCopy, ); }; };
		1E1103DD1CCBD96400E348E5 /* InterfaceController.swift in Sources */ = {isa = PBXBuildFile; fileRef = 1E1103DC1CCBD96400E348E5 /* InterfaceController.swift */; };
		1E1103DF1CCBD96400E348E5 /* ExtensionDelegate.swift in Sources */ = {isa = PBXBuildFile; fileRef = 1E1103DE1CCBD96400E348E5 /* ExtensionDelegate.swift */; };
		1E1103E11CCBD96400E348E5 /* NotificationController.swift in Sources */ = {isa = PBXBuildFile; fileRef = 1E1103E01CCBD96400E348E5 /* NotificationController.swift */; };
		1E1103E31CCBD96400E348E5 /* Assets.xcassets in Resources */ = {isa = PBXBuildFile; fileRef = 1E1103E21CCBD96400E348E5 /* Assets.xcassets */; };
		1E1103FA1CCBE38400E348E5 /* HealthKit.framework in Frameworks */ = {isa = PBXBuildFile; fileRef = 1E1103F91CCBE38400E348E5 /* HealthKit.framework */; };
		1E1103FD1CCBE7DB00E348E5 /* HealthKit.framework in Frameworks */ = {isa = PBXBuildFile; fileRef = 1E1103FC1CCBE7DB00E348E5 /* HealthKit.framework */; };
		1E2447E11CF2606600C3B0EF /* WorkoutSessionController.swift in Sources */ = {isa = PBXBuildFile; fileRef = 1E2447E01CF2606600C3B0EF /* WorkoutSessionController.swift */; };
		1E24483F1CF2AD3B00C3B0EF /* HealthKitManager.swift in Sources */ = {isa = PBXBuildFile; fileRef = 1E2448391CF2AD3B00C3B0EF /* HealthKitManager.swift */; };
		1E2448401CF2AD3B00C3B0EF /* HealthKitManager.swift in Sources */ = {isa = PBXBuildFile; fileRef = 1E2448391CF2AD3B00C3B0EF /* HealthKitManager.swift */; };
		1E2448411CF2AD3B00C3B0EF /* WorkoutStep.swift in Sources */ = {isa = PBXBuildFile; fileRef = 1E24483B1CF2AD3B00C3B0EF /* WorkoutStep.swift */; };
		1E2448421CF2AD3B00C3B0EF /* WorkoutStep.swift in Sources */ = {isa = PBXBuildFile; fileRef = 1E24483B1CF2AD3B00C3B0EF /* WorkoutStep.swift */; };
		1E2448431CF2AD3B00C3B0EF /* WorkoutTemplate.swift in Sources */ = {isa = PBXBuildFile; fileRef = 1E24483C1CF2AD3B00C3B0EF /* WorkoutTemplate.swift */; };
		1E2448441CF2AD3B00C3B0EF /* WorkoutTemplate.swift in Sources */ = {isa = PBXBuildFile; fileRef = 1E24483C1CF2AD3B00C3B0EF /* WorkoutTemplate.swift */; };
		1E2448451CF2AD3B00C3B0EF /* WorkoutTemplateService.swift in Sources */ = {isa = PBXBuildFile; fileRef = 1E24483E1CF2AD3B00C3B0EF /* WorkoutTemplateService.swift */; };
		1E2448461CF2AD3B00C3B0EF /* WorkoutTemplateService.swift in Sources */ = {isa = PBXBuildFile; fileRef = 1E24483E1CF2AD3B00C3B0EF /* WorkoutTemplateService.swift */; };
		1E2448481CF2AD4300C3B0EF /* WorkoutTemplates in Resources */ = {isa = PBXBuildFile; fileRef = 1E2448471CF2AD4300C3B0EF /* WorkoutTemplates */; };
		1E2448491CF2AD4300C3B0EF /* WorkoutTemplates in Resources */ = {isa = PBXBuildFile; fileRef = 1E2448471CF2AD4300C3B0EF /* WorkoutTemplates */; };
		1E24484D1CF51A7700C3B0EF /* WatchConnectivityManager.swift in Sources */ = {isa = PBXBuildFile; fileRef = 1E24484C1CF51A7700C3B0EF /* WatchConnectivityManager.swift */; };
		1E7D55F81CE9741D00E5C3D8 /* OnboardingHealthKitPermissionsViewController.swift in Sources */ = {isa = PBXBuildFile; fileRef = 1E7D55F71CE9741D00E5C3D8 /* OnboardingHealthKitPermissionsViewController.swift */; };
		1E7D55FB1CE979BC00E5C3D8 /* DefaultsKeysExtension.swift in Sources */ = {isa = PBXBuildFile; fileRef = 1E7D55FA1CE979BC00E5C3D8 /* DefaultsKeysExtension.swift */; };
		1E7D567A1CE9909100E5C3D8 /* OnboardingAgeViewController.swift in Sources */ = {isa = PBXBuildFile; fileRef = 1E7D56791CE9909100E5C3D8 /* OnboardingAgeViewController.swift */; };
		1EB929C81CF53F2400315BD8 /* WorkoutTemplates in Resources */ = {isa = PBXBuildFile; fileRef = 1E2448471CF2AD4300C3B0EF /* WorkoutTemplates */; };
		1EB929D31CF55B2C00315BD8 /* HealthKitWorkoutObserver.swift in Sources */ = {isa = PBXBuildFile; fileRef = 1EB929D21CF55B2C00315BD8 /* HealthKitWorkoutObserver.swift */; };
		1EB929D41CF55B2C00315BD8 /* HealthKitWorkoutObserver.swift in Sources */ = {isa = PBXBuildFile; fileRef = 1EB929D21CF55B2C00315BD8 /* HealthKitWorkoutObserver.swift */; };
		1EB929D51CF5626500315BD8 /* WatchConnectivityManager.swift in Sources */ = {isa = PBXBuildFile; fileRef = 1E24484C1CF51A7700C3B0EF /* WatchConnectivityManager.swift */; };
		1EB929D81CF56CCF00315BD8 /* WorkoutManager.swift in Sources */ = {isa = PBXBuildFile; fileRef = 1EB929D61CF56CCE00315BD8 /* WorkoutManager.swift */; };
		1EFACC571CEC1D00000D725F /* WorkoutTemplateTableViewCell.swift in Sources */ = {isa = PBXBuildFile; fileRef = 1EFACC561CEC1D00000D725F /* WorkoutTemplateTableViewCell.swift */; };
		1EFACC591CEC2128000D725F /* ActiveWorkoutViewController.swift in Sources */ = {isa = PBXBuildFile; fileRef = 1EFACC581CEC2128000D725F /* ActiveWorkoutViewController.swift */; };
		1EFF568A1CEBE9B40066ED85 /* SelectWorkoutViewController.swift in Sources */ = {isa = PBXBuildFile; fileRef = 1EFF56891CEBE9B40066ED85 /* SelectWorkoutViewController.swift */; };
		2A8672B006EBD9AA23ED9012 /* Pods_WorkoutWatch_WatchKit_App.framework in Frameworks */ = {isa = PBXBuildFile; fileRef = 672730A65F068DAF3899B49B /* Pods_WorkoutWatch_WatchKit_App.framework */; };
		568022583F1A95AB5B40BED3 /* Pods_WorkoutWatchTests.framework in Frameworks */ = {isa = PBXBuildFile; fileRef = E44427555F05C96510666588 /* Pods_WorkoutWatchTests.framework */; };
		9ABB88C297636FD31F0559F0 /* Pods_WorkoutWatch_WatchKit_Extension.framework in Frameworks */ = {isa = PBXBuildFile; fileRef = 722E4111ECCB85FE6A5C9489 /* Pods_WorkoutWatch_WatchKit_Extension.framework */; };
		EE2B8372BE14FC2D040C6A5F /* Pods_WorkoutWatchUITests.framework in Frameworks */ = {isa = PBXBuildFile; fileRef = E628643691B9D1FEC025C386 /* Pods_WorkoutWatchUITests.framework */; };
/* End PBXBuildFile section */

/* Begin PBXContainerItemProxy section */
		1E1103B31CCBD96400E348E5 /* PBXContainerItemProxy */ = {
			isa = PBXContainerItemProxy;
			containerPortal = 1E1103961CCBD96400E348E5 /* Project object */;
			proxyType = 1;
			remoteGlobalIDString = 1E11039D1CCBD96400E348E5;
			remoteInfo = WorkoutWatch;
		};
		1E1103BE1CCBD96400E348E5 /* PBXContainerItemProxy */ = {
			isa = PBXContainerItemProxy;
			containerPortal = 1E1103961CCBD96400E348E5 /* Project object */;
			proxyType = 1;
			remoteGlobalIDString = 1E11039D1CCBD96400E348E5;
			remoteInfo = WorkoutWatch;
		};
		1E1103C81CCBD96400E348E5 /* PBXContainerItemProxy */ = {
			isa = PBXContainerItemProxy;
			containerPortal = 1E1103961CCBD96400E348E5 /* Project object */;
			proxyType = 1;
			remoteGlobalIDString = 1E1103C51CCBD96400E348E5;
			remoteInfo = "WorkoutWatch WatchKit App";
		};
		1E1103D71CCBD96400E348E5 /* PBXContainerItemProxy */ = {
			isa = PBXContainerItemProxy;
			containerPortal = 1E1103961CCBD96400E348E5 /* Project object */;
			proxyType = 1;
			remoteGlobalIDString = 1E1103D41CCBD96400E348E5;
			remoteInfo = "WorkoutWatch WatchKit Extension";
		};
/* End PBXContainerItemProxy section */

/* Begin PBXCopyFilesBuildPhase section */
		1E1103EA1CCBD96400E348E5 /* Embed App Extensions */ = {
			isa = PBXCopyFilesBuildPhase;
			buildActionMask = 2147483647;
			dstPath = "";
			dstSubfolderSpec = 13;
			files = (
				1E1103D61CCBD96400E348E5 /* WorkoutWatch WatchKit Extension.appex in Embed App Extensions */,
			);
			name = "Embed App Extensions";
			runOnlyForDeploymentPostprocessing = 0;
		};
		1E1103EE1CCBD96400E348E5 /* Embed Watch Content */ = {
			isa = PBXCopyFilesBuildPhase;
			buildActionMask = 2147483647;
			dstPath = "$(CONTENTS_FOLDER_PATH)/Watch";
			dstSubfolderSpec = 16;
			files = (
				1E1103C71CCBD96400E348E5 /* WorkoutWatch WatchKit App.app in Embed Watch Content */,
			);
			name = "Embed Watch Content";
			runOnlyForDeploymentPostprocessing = 0;
		};
		1E7D56751CE98C9900E5C3D8 /* Embed Frameworks */ = {
			isa = PBXCopyFilesBuildPhase;
			buildActionMask = 2147483647;
			dstPath = "";
			dstSubfolderSpec = 10;
			files = (
			);
			name = "Embed Frameworks";
			runOnlyForDeploymentPostprocessing = 0;
		};
/* End PBXCopyFilesBuildPhase section */

/* Begin PBXFileReference section */
		024A0098A6F4866ADE67C60F /* Pods-WorkoutWatchUITests.release.xcconfig */ = {isa = PBXFileReference; includeInIndex = 1; lastKnownFileType = text.xcconfig; name = "Pods-WorkoutWatchUITests.release.xcconfig"; path = "Pods/Target Support Files/Pods-WorkoutWatchUITests/Pods-WorkoutWatchUITests.release.xcconfig"; sourceTree = "<group>"; };
		1160B926D438A69B0D26ED5A /* Pods-WorkoutWatch WatchKit Extension.release.xcconfig */ = {isa = PBXFileReference; includeInIndex = 1; lastKnownFileType = text.xcconfig; name = "Pods-WorkoutWatch WatchKit Extension.release.xcconfig"; path = "Pods/Target Support Files/Pods-WorkoutWatch WatchKit Extension/Pods-WorkoutWatch WatchKit Extension.release.xcconfig"; sourceTree = "<group>"; };
		1E11039E1CCBD96400E348E5 /* WorkoutWatch.app */ = {isa = PBXFileReference; explicitFileType = wrapper.application; includeInIndex = 0; path = WorkoutWatch.app; sourceTree = BUILT_PRODUCTS_DIR; };
		1E1103A11CCBD96400E348E5 /* AppDelegate.swift */ = {isa = PBXFileReference; lastKnownFileType = sourcecode.swift; path = AppDelegate.swift; sourceTree = "<group>"; };
		1E1103A61CCBD96400E348E5 /* Base */ = {isa = PBXFileReference; lastKnownFileType = file.storyboard; name = Base; path = Base.lproj/Main.storyboard; sourceTree = "<group>"; };
		1E1103A81CCBD96400E348E5 /* Assets.xcassets */ = {isa = PBXFileReference; lastKnownFileType = folder.assetcatalog; path = Assets.xcassets; sourceTree = "<group>"; };
		1E1103AB1CCBD96400E348E5 /* Base */ = {isa = PBXFileReference; lastKnownFileType = file.storyboard; name = Base; path = Base.lproj/LaunchScreen.storyboard; sourceTree = "<group>"; };
		1E1103AD1CCBD96400E348E5 /* Info.plist */ = {isa = PBXFileReference; lastKnownFileType = text.plist.xml; path = Info.plist; sourceTree = "<group>"; };
		1E1103B21CCBD96400E348E5 /* WorkoutWatchTests.xctest */ = {isa = PBXFileReference; explicitFileType = wrapper.cfbundle; includeInIndex = 0; path = WorkoutWatchTests.xctest; sourceTree = BUILT_PRODUCTS_DIR; };
		1E1103B61CCBD96400E348E5 /* WorkoutWatchTests.swift */ = {isa = PBXFileReference; lastKnownFileType = sourcecode.swift; path = WorkoutWatchTests.swift; sourceTree = "<group>"; };
		1E1103B81CCBD96400E348E5 /* Info.plist */ = {isa = PBXFileReference; lastKnownFileType = text.plist.xml; path = Info.plist; sourceTree = "<group>"; };
		1E1103BD1CCBD96400E348E5 /* WorkoutWatchUITests.xctest */ = {isa = PBXFileReference; explicitFileType = wrapper.cfbundle; includeInIndex = 0; path = WorkoutWatchUITests.xctest; sourceTree = BUILT_PRODUCTS_DIR; };
		1E1103C11CCBD96400E348E5 /* WorkoutWatchUITests.swift */ = {isa = PBXFileReference; lastKnownFileType = sourcecode.swift; path = WorkoutWatchUITests.swift; sourceTree = "<group>"; };
		1E1103C31CCBD96400E348E5 /* Info.plist */ = {isa = PBXFileReference; lastKnownFileType = text.plist.xml; path = Info.plist; sourceTree = "<group>"; };
		1E1103C61CCBD96400E348E5 /* WorkoutWatch WatchKit App.app */ = {isa = PBXFileReference; explicitFileType = wrapper.application; includeInIndex = 0; path = "WorkoutWatch WatchKit App.app"; sourceTree = BUILT_PRODUCTS_DIR; };
		1E1103CC1CCBD96400E348E5 /* Base */ = {isa = PBXFileReference; lastKnownFileType = file.storyboard; name = Base; path = Base.lproj/Interface.storyboard; sourceTree = "<group>"; };
		1E1103CE1CCBD96400E348E5 /* Assets.xcassets */ = {isa = PBXFileReference; lastKnownFileType = folder.assetcatalog; path = Assets.xcassets; sourceTree = "<group>"; };
		1E1103D01CCBD96400E348E5 /* Info.plist */ = {isa = PBXFileReference; lastKnownFileType = text.plist.xml; path = Info.plist; sourceTree = "<group>"; };
		1E1103D51CCBD96400E348E5 /* WorkoutWatch WatchKit Extension.appex */ = {isa = PBXFileReference; explicitFileType = "wrapper.app-extension"; includeInIndex = 0; path = "WorkoutWatch WatchKit Extension.appex"; sourceTree = BUILT_PRODUCTS_DIR; };
		1E1103DB1CCBD96400E348E5 /* PushNotificationPayload.apns */ = {isa = PBXFileReference; lastKnownFileType = text; path = PushNotificationPayload.apns; sourceTree = "<group>"; };
		1E1103DC1CCBD96400E348E5 /* InterfaceController.swift */ = {isa = PBXFileReference; lastKnownFileType = sourcecode.swift; path = InterfaceController.swift; sourceTree = "<group>"; };
		1E1103DE1CCBD96400E348E5 /* ExtensionDelegate.swift */ = {isa = PBXFileReference; lastKnownFileType = sourcecode.swift; path = ExtensionDelegate.swift; sourceTree = "<group>"; };
		1E1103E01CCBD96400E348E5 /* NotificationController.swift */ = {isa = PBXFileReference; lastKnownFileType = sourcecode.swift; path = NotificationController.swift; sourceTree = "<group>"; };
		1E1103E21CCBD96400E348E5 /* Assets.xcassets */ = {isa = PBXFileReference; lastKnownFileType = folder.assetcatalog; path = Assets.xcassets; sourceTree = "<group>"; };
		1E1103E41CCBD96400E348E5 /* Info.plist */ = {isa = PBXFileReference; lastKnownFileType = text.plist.xml; path = Info.plist; sourceTree = "<group>"; };
		1E1103F81CCBE38400E348E5 /* WorkoutWatch.entitlements */ = {isa = PBXFileReference; lastKnownFileType = text.xml; path = WorkoutWatch.entitlements; sourceTree = "<group>"; };
		1E1103F91CCBE38400E348E5 /* HealthKit.framework */ = {isa = PBXFileReference; lastKnownFileType = wrapper.framework; name = HealthKit.framework; path = System/Library/Frameworks/HealthKit.framework; sourceTree = SDKROOT; };
		1E1103FB1CCBE7DB00E348E5 /* WorkoutWatch WatchKit Extension.entitlements */ = {isa = PBXFileReference; lastKnownFileType = text.xml; path = "WorkoutWatch WatchKit Extension.entitlements"; sourceTree = "<group>"; };
		1E1103FC1CCBE7DB00E348E5 /* HealthKit.framework */ = {isa = PBXFileReference; lastKnownFileType = wrapper.framework; name = HealthKit.framework; path = Platforms/WatchOS.platform/Developer/SDKs/WatchOS2.2.sdk/System/Library/Frameworks/HealthKit.framework; sourceTree = DEVELOPER_DIR; };
		1E2447E01CF2606600C3B0EF /* WorkoutSessionController.swift */ = {isa = PBXFileReference; fileEncoding = 4; lastKnownFileType = sourcecode.swift; path = WorkoutSessionController.swift; sourceTree = "<group>"; };
		1E2448391CF2AD3B00C3B0EF /* HealthKitManager.swift */ = {isa = PBXFileReference; fileEncoding = 4; lastKnownFileType = sourcecode.swift; path = HealthKitManager.swift; sourceTree = "<group>"; };
		1E24483B1CF2AD3B00C3B0EF /* WorkoutStep.swift */ = {isa = PBXFileReference; fileEncoding = 4; lastKnownFileType = sourcecode.swift; path = WorkoutStep.swift; sourceTree = "<group>"; };
		1E24483C1CF2AD3B00C3B0EF /* WorkoutTemplate.swift */ = {isa = PBXFileReference; fileEncoding = 4; lastKnownFileType = sourcecode.swift; path = WorkoutTemplate.swift; sourceTree = "<group>"; };
		1E24483E1CF2AD3B00C3B0EF /* WorkoutTemplateService.swift */ = {isa = PBXFileReference; fileEncoding = 4; lastKnownFileType = sourcecode.swift; path = WorkoutTemplateService.swift; sourceTree = "<group>"; };
		1E2448471CF2AD4300C3B0EF /* WorkoutTemplates */ = {isa = PBXFileReference; lastKnownFileType = folder; path = WorkoutTemplates; sourceTree = "<group>"; };
		1E24484C1CF51A7700C3B0EF /* WatchConnectivityManager.swift */ = {isa = PBXFileReference; fileEncoding = 4; lastKnownFileType = sourcecode.swift; path = WatchConnectivityManager.swift; sourceTree = "<group>"; };
		1E7D55F71CE9741D00E5C3D8 /* OnboardingHealthKitPermissionsViewController.swift */ = {isa = PBXFileReference; fileEncoding = 4; lastKnownFileType = sourcecode.swift; path = OnboardingHealthKitPermissionsViewController.swift; sourceTree = "<group>"; };
		1E7D55FA1CE979BC00E5C3D8 /* DefaultsKeysExtension.swift */ = {isa = PBXFileReference; fileEncoding = 4; lastKnownFileType = sourcecode.swift; name = DefaultsKeysExtension.swift; path = ../DefaultsKeysExtension.swift; sourceTree = "<group>"; };
		1E7D56791CE9909100E5C3D8 /* OnboardingAgeViewController.swift */ = {isa = PBXFileReference; fileEncoding = 4; lastKnownFileType = sourcecode.swift; path = OnboardingAgeViewController.swift; sourceTree = "<group>"; };
		1EB929C41CF537C900315BD8 /* WatchConnectivity.framework */ = {isa = PBXFileReference; lastKnownFileType = wrapper.framework; name = WatchConnectivity.framework; path = Platforms/WatchOS.platform/Developer/SDKs/WatchOS2.2.sdk/System/Library/Frameworks/WatchConnectivity.framework; sourceTree = DEVELOPER_DIR; };
		1EB929C61CF537D100315BD8 /* WatchConnectivity.framework */ = {isa = PBXFileReference; lastKnownFileType = wrapper.framework; name = WatchConnectivity.framework; path = System/Library/Frameworks/WatchConnectivity.framework; sourceTree = SDKROOT; };
		1EB929D21CF55B2C00315BD8 /* HealthKitWorkoutObserver.swift */ = {isa = PBXFileReference; fileEncoding = 4; lastKnownFileType = sourcecode.swift; path = HealthKitWorkoutObserver.swift; sourceTree = "<group>"; };
		1EB929D61CF56CCE00315BD8 /* WorkoutManager.swift */ = {isa = PBXFileReference; fileEncoding = 4; lastKnownFileType = sourcecode.swift; path = WorkoutManager.swift; sourceTree = "<group>"; };
		1EFACC561CEC1D00000D725F /* WorkoutTemplateTableViewCell.swift */ = {isa = PBXFileReference; fileEncoding = 4; lastKnownFileType = sourcecode.swift; path = WorkoutTemplateTableViewCell.swift; sourceTree = "<group>"; };
		1EFACC581CEC2128000D725F /* ActiveWorkoutViewController.swift */ = {isa = PBXFileReference; fileEncoding = 4; lastKnownFileType = sourcecode.swift; path = ActiveWorkoutViewController.swift; sourceTree = "<group>"; };
		1EFF56891CEBE9B40066ED85 /* SelectWorkoutViewController.swift */ = {isa = PBXFileReference; fileEncoding = 4; lastKnownFileType = sourcecode.swift; path = SelectWorkoutViewController.swift; sourceTree = "<group>"; };
		251F5316448304AB92FB2169 /* Pods-WorkoutWatchTests.debug.xcconfig */ = {isa = PBXFileReference; includeInIndex = 1; lastKnownFileType = text.xcconfig; name = "Pods-WorkoutWatchTests.debug.xcconfig"; path = "Pods/Target Support Files/Pods-WorkoutWatchTests/Pods-WorkoutWatchTests.debug.xcconfig"; sourceTree = "<group>"; };
		672730A65F068DAF3899B49B /* Pods_WorkoutWatch_WatchKit_App.framework */ = {isa = PBXFileReference; explicitFileType = wrapper.framework; includeInIndex = 0; path = Pods_WorkoutWatch_WatchKit_App.framework; sourceTree = BUILT_PRODUCTS_DIR; };
		6C7BE32F6B536C6626EDFD7C /* Pods-WorkoutWatchTests.release.xcconfig */ = {isa = PBXFileReference; includeInIndex = 1; lastKnownFileType = text.xcconfig; name = "Pods-WorkoutWatchTests.release.xcconfig"; path = "Pods/Target Support Files/Pods-WorkoutWatchTests/Pods-WorkoutWatchTests.release.xcconfig"; sourceTree = "<group>"; };
		6FEE992733BD3F717F1D82C8 /* Pods-WorkoutWatch.debug.xcconfig */ = {isa = PBXFileReference; includeInIndex = 1; lastKnownFileType = text.xcconfig; name = "Pods-WorkoutWatch.debug.xcconfig"; path = "Pods/Target Support Files/Pods-WorkoutWatch/Pods-WorkoutWatch.debug.xcconfig"; sourceTree = "<group>"; };
		722E4111ECCB85FE6A5C9489 /* Pods_WorkoutWatch_WatchKit_Extension.framework */ = {isa = PBXFileReference; explicitFileType = wrapper.framework; includeInIndex = 0; path = Pods_WorkoutWatch_WatchKit_Extension.framework; sourceTree = BUILT_PRODUCTS_DIR; };
		7DDE26E5C7FFE7799D62C0A4 /* Pods-WorkoutWatch.release.xcconfig */ = {isa = PBXFileReference; includeInIndex = 1; lastKnownFileType = text.xcconfig; name = "Pods-WorkoutWatch.release.xcconfig"; path = "Pods/Target Support Files/Pods-WorkoutWatch/Pods-WorkoutWatch.release.xcconfig"; sourceTree = "<group>"; };
		8A5FAED8914837EAFAC41B76 /* Pods-WorkoutWatch WatchKit App.debug.xcconfig */ = {isa = PBXFileReference; includeInIndex = 1; lastKnownFileType = text.xcconfig; name = "Pods-WorkoutWatch WatchKit App.debug.xcconfig"; path = "Pods/Target Support Files/Pods-WorkoutWatch WatchKit App/Pods-WorkoutWatch WatchKit App.debug.xcconfig"; sourceTree = "<group>"; };
		918F260CE620625B198DC3B9 /* Pods-WorkoutWatch WatchKit App.release.xcconfig */ = {isa = PBXFileReference; includeInIndex = 1; lastKnownFileType = text.xcconfig; name = "Pods-WorkoutWatch WatchKit App.release.xcconfig"; path = "Pods/Target Support Files/Pods-WorkoutWatch WatchKit App/Pods-WorkoutWatch WatchKit App.release.xcconfig"; sourceTree = "<group>"; };
		93B22BBD26D5A2E5446FA6FC /* Pods_WorkoutWatch.framework */ = {isa = PBXFileReference; explicitFileType = wrapper.framework; includeInIndex = 0; path = Pods_WorkoutWatch.framework; sourceTree = BUILT_PRODUCTS_DIR; };
		B0A74B50F39F7B9CA181153F /* Pods-WorkoutWatch WatchKit Extension.debug.xcconfig */ = {isa = PBXFileReference; includeInIndex = 1; lastKnownFileType = text.xcconfig; name = "Pods-WorkoutWatch WatchKit Extension.debug.xcconfig"; path = "Pods/Target Support Files/Pods-WorkoutWatch WatchKit Extension/Pods-WorkoutWatch WatchKit Extension.debug.xcconfig"; sourceTree = "<group>"; };
		BE48F4ECA71C0FA8D24FC1B3 /* Pods-WorkoutWatchUITests.debug.xcconfig */ = {isa = PBXFileReference; includeInIndex = 1; lastKnownFileType = text.xcconfig; name = "Pods-WorkoutWatchUITests.debug.xcconfig"; path = "Pods/Target Support Files/Pods-WorkoutWatchUITests/Pods-WorkoutWatchUITests.debug.xcconfig"; sourceTree = "<group>"; };
		E44427555F05C96510666588 /* Pods_WorkoutWatchTests.framework */ = {isa = PBXFileReference; explicitFileType = wrapper.framework; includeInIndex = 0; path = Pods_WorkoutWatchTests.framework; sourceTree = BUILT_PRODUCTS_DIR; };
		E628643691B9D1FEC025C386 /* Pods_WorkoutWatchUITests.framework */ = {isa = PBXFileReference; explicitFileType = wrapper.framework; includeInIndex = 0; path = Pods_WorkoutWatchUITests.framework; sourceTree = BUILT_PRODUCTS_DIR; };
/* End PBXFileReference section */

/* Begin PBXFrameworksBuildPhase section */
		1E11039B1CCBD96400E348E5 /* Frameworks */ = {
			isa = PBXFrameworksBuildPhase;
			buildActionMask = 2147483647;
			files = (
				1E1103FA1CCBE38400E348E5 /* HealthKit.framework in Frameworks */,
				0CFE92DCF576F59D5A2B5A4D /* Pods_WorkoutWatch.framework in Frameworks */,
			);
			runOnlyForDeploymentPostprocessing = 0;
		};
		1E1103AF1CCBD96400E348E5 /* Frameworks */ = {
			isa = PBXFrameworksBuildPhase;
			buildActionMask = 2147483647;
			files = (
				568022583F1A95AB5B40BED3 /* Pods_WorkoutWatchTests.framework in Frameworks */,
			);
			runOnlyForDeploymentPostprocessing = 0;
		};
		1E1103BA1CCBD96400E348E5 /* Frameworks */ = {
			isa = PBXFrameworksBuildPhase;
			buildActionMask = 2147483647;
			files = (
				EE2B8372BE14FC2D040C6A5F /* Pods_WorkoutWatchUITests.framework in Frameworks */,
			);
			runOnlyForDeploymentPostprocessing = 0;
		};
		1E1103D21CCBD96400E348E5 /* Frameworks */ = {
			isa = PBXFrameworksBuildPhase;
			buildActionMask = 2147483647;
			files = (
				1E1103FD1CCBE7DB00E348E5 /* HealthKit.framework in Frameworks */,
				9ABB88C297636FD31F0559F0 /* Pods_WorkoutWatch_WatchKit_Extension.framework in Frameworks */,
			);
			runOnlyForDeploymentPostprocessing = 0;
		};
		B2F081B6790C62C3A767F0F6 /* Frameworks */ = {
			isa = PBXFrameworksBuildPhase;
			buildActionMask = 2147483647;
			files = (
				2A8672B006EBD9AA23ED9012 /* Pods_WorkoutWatch_WatchKit_App.framework in Frameworks */,
			);
			runOnlyForDeploymentPostprocessing = 0;
		};
/* End PBXFrameworksBuildPhase section */

/* Begin PBXGroup section */
		1E1103951CCBD96400E348E5 = {
			isa = PBXGroup;
			children = (
				1E2448301CF2ACDD00C3B0EF /* WorkoutWatch Shared Code */,
				1E1103A01CCBD96400E348E5 /* WorkoutWatch */,
				1E1103B51CCBD96400E348E5 /* WorkoutWatchTests */,
				1E1103C01CCBD96400E348E5 /* WorkoutWatchUITests */,
				1E1103CA1CCBD96400E348E5 /* WorkoutWatch WatchKit App */,
				1E1103D91CCBD96400E348E5 /* WorkoutWatch WatchKit Extension */,
				1E11039F1CCBD96400E348E5 /* Products */,
				2DE5EE489C3591494EA3512B /* Pods */,
				CD467D5F62EAAAB8230DDE8F /* Frameworks */,
			);
			sourceTree = "<group>";
		};
		1E11039F1CCBD96400E348E5 /* Products */ = {
			isa = PBXGroup;
			children = (
				1E11039E1CCBD96400E348E5 /* WorkoutWatch.app */,
				1E1103B21CCBD96400E348E5 /* WorkoutWatchTests.xctest */,
				1E1103BD1CCBD96400E348E5 /* WorkoutWatchUITests.xctest */,
				1E1103C61CCBD96400E348E5 /* WorkoutWatch WatchKit App.app */,
				1E1103D51CCBD96400E348E5 /* WorkoutWatch WatchKit Extension.appex */,
			);
			name = Products;
			sourceTree = "<group>";
		};
		1E1103A01CCBD96400E348E5 /* WorkoutWatch */ = {
			isa = PBXGroup;
			children = (
				1EFACC551CEC1CD6000D725F /* Views */,
				1EFF568E1CEBEE630066ED85 /* Services */,
				1EFF568B1CEBE9D80066ED85 /* Model */,
				1E7D55F61CE973C800E5C3D8 /* Controllers */,
				1E1103F81CCBE38400E348E5 /* WorkoutWatch.entitlements */,
				1E1103A11CCBD96400E348E5 /* AppDelegate.swift */,
				1E1103A51CCBD96400E348E5 /* Main.storyboard */,
				1E1103A81CCBD96400E348E5 /* Assets.xcassets */,
				1E1103AA1CCBD96400E348E5 /* LaunchScreen.storyboard */,
				1E1103AD1CCBD96400E348E5 /* Info.plist */,
				1E1103F91CCBE38400E348E5 /* HealthKit.framework */,
			);
			path = WorkoutWatch;
			sourceTree = "<group>";
		};
		1E1103B51CCBD96400E348E5 /* WorkoutWatchTests */ = {
			isa = PBXGroup;
			children = (
				1E1103B61CCBD96400E348E5 /* WorkoutWatchTests.swift */,
				1E1103B81CCBD96400E348E5 /* Info.plist */,
			);
			path = WorkoutWatchTests;
			sourceTree = "<group>";
		};
		1E1103C01CCBD96400E348E5 /* WorkoutWatchUITests */ = {
			isa = PBXGroup;
			children = (
				1E1103C11CCBD96400E348E5 /* WorkoutWatchUITests.swift */,
				1E1103C31CCBD96400E348E5 /* Info.plist */,
			);
			path = WorkoutWatchUITests;
			sourceTree = "<group>";
		};
		1E1103CA1CCBD96400E348E5 /* WorkoutWatch WatchKit App */ = {
			isa = PBXGroup;
			children = (
				1E1103CB1CCBD96400E348E5 /* Interface.storyboard */,
				1E1103CE1CCBD96400E348E5 /* Assets.xcassets */,
				1E1103D01CCBD96400E348E5 /* Info.plist */,
			);
			path = "WorkoutWatch WatchKit App";
			sourceTree = "<group>";
		};
		1E1103D91CCBD96400E348E5 /* WorkoutWatch WatchKit Extension */ = {
			isa = PBXGroup;
			children = (
				1EB929D61CF56CCE00315BD8 /* WorkoutManager.swift */,
				1E2447E01CF2606600C3B0EF /* WorkoutSessionController.swift */,
				1E1103FB1CCBE7DB00E348E5 /* WorkoutWatch WatchKit Extension.entitlements */,
				1E1103DC1CCBD96400E348E5 /* InterfaceController.swift */,
				1E1103DE1CCBD96400E348E5 /* ExtensionDelegate.swift */,
				1E1103E01CCBD96400E348E5 /* NotificationController.swift */,
				1E1103E21CCBD96400E348E5 /* Assets.xcassets */,
				1E1103E41CCBD96400E348E5 /* Info.plist */,
				1E1103DA1CCBD96400E348E5 /* Supporting Files */,
				1E1103FC1CCBE7DB00E348E5 /* HealthKit.framework */,
			);
			path = "WorkoutWatch WatchKit Extension";
			sourceTree = "<group>";
		};
		1E1103DA1CCBD96400E348E5 /* Supporting Files */ = {
			isa = PBXGroup;
			children = (
				1E1103DB1CCBD96400E348E5 /* PushNotificationPayload.apns */,
			);
			name = "Supporting Files";
			sourceTree = "<group>";
		};
		1E2448301CF2ACDD00C3B0EF /* WorkoutWatch Shared Code */ = {
			isa = PBXGroup;
			children = (
				1E2448471CF2AD4300C3B0EF /* WorkoutTemplates */,
				1E2448391CF2AD3B00C3B0EF /* HealthKitManager.swift */,
				1E24483A1CF2AD3B00C3B0EF /* Model */,
				1E24483D1CF2AD3B00C3B0EF /* Services */,
			);
			path = "WorkoutWatch Shared Code";
			sourceTree = "<group>";
		};
		1E24483A1CF2AD3B00C3B0EF /* Model */ = {
			isa = PBXGroup;
			children = (
				1E24483B1CF2AD3B00C3B0EF /* WorkoutStep.swift */,
				1E24483C1CF2AD3B00C3B0EF /* WorkoutTemplate.swift */,
			);
			path = Model;
			sourceTree = "<group>";
		};
		1E24483D1CF2AD3B00C3B0EF /* Services */ = {
			isa = PBXGroup;
			children = (
				1E24483E1CF2AD3B00C3B0EF /* WorkoutTemplateService.swift */,
				1EB929D21CF55B2C00315BD8 /* HealthKitWorkoutObserver.swift */,
				1E24484C1CF51A7700C3B0EF /* WatchConnectivityManager.swift */,
			);
			path = Services;
			sourceTree = "<group>";
		};
		1E7D55F61CE973C800E5C3D8 /* Controllers */ = {
			isa = PBXGroup;
			children = (
				1E7D55F71CE9741D00E5C3D8 /* OnboardingHealthKitPermissionsViewController.swift */,
				1E7D56791CE9909100E5C3D8 /* OnboardingAgeViewController.swift */,
				1EFF56891CEBE9B40066ED85 /* SelectWorkoutViewController.swift */,
				1EFACC581CEC2128000D725F /* ActiveWorkoutViewController.swift */,
			);
			path = Controllers;
			sourceTree = "<group>";
		};
		1EFACC551CEC1CD6000D725F /* Views */ = {
			isa = PBXGroup;
			children = (
				1EFACC561CEC1D00000D725F /* WorkoutTemplateTableViewCell.swift */,
			);
			path = Views;
			sourceTree = "<group>";
		};
		1EFF568B1CEBE9D80066ED85 /* Model */ = {
			isa = PBXGroup;
			children = (
				1E7D55FA1CE979BC00E5C3D8 /* DefaultsKeysExtension.swift */,
			);
			path = Model;
			sourceTree = "<group>";
		};
		1EFF568E1CEBEE630066ED85 /* Services */ = {
			isa = PBXGroup;
			children = (
			);
			path = Services;
			sourceTree = "<group>";
		};
		2DE5EE489C3591494EA3512B /* Pods */ = {
			isa = PBXGroup;
			children = (
				6FEE992733BD3F717F1D82C8 /* Pods-WorkoutWatch.debug.xcconfig */,
				7DDE26E5C7FFE7799D62C0A4 /* Pods-WorkoutWatch.release.xcconfig */,
				8A5FAED8914837EAFAC41B76 /* Pods-WorkoutWatch WatchKit App.debug.xcconfig */,
				918F260CE620625B198DC3B9 /* Pods-WorkoutWatch WatchKit App.release.xcconfig */,
				B0A74B50F39F7B9CA181153F /* Pods-WorkoutWatch WatchKit Extension.debug.xcconfig */,
				1160B926D438A69B0D26ED5A /* Pods-WorkoutWatch WatchKit Extension.release.xcconfig */,
				251F5316448304AB92FB2169 /* Pods-WorkoutWatchTests.debug.xcconfig */,
				6C7BE32F6B536C6626EDFD7C /* Pods-WorkoutWatchTests.release.xcconfig */,
				BE48F4ECA71C0FA8D24FC1B3 /* Pods-WorkoutWatchUITests.debug.xcconfig */,
				024A0098A6F4866ADE67C60F /* Pods-WorkoutWatchUITests.release.xcconfig */,
			);
			name = Pods;
			sourceTree = "<group>";
		};
		CD467D5F62EAAAB8230DDE8F /* Frameworks */ = {
			isa = PBXGroup;
			children = (
				1EB929C61CF537D100315BD8 /* WatchConnectivity.framework */,
				1EB929C41CF537C900315BD8 /* WatchConnectivity.framework */,
				93B22BBD26D5A2E5446FA6FC /* Pods_WorkoutWatch.framework */,
				672730A65F068DAF3899B49B /* Pods_WorkoutWatch_WatchKit_App.framework */,
				722E4111ECCB85FE6A5C9489 /* Pods_WorkoutWatch_WatchKit_Extension.framework */,
				E44427555F05C96510666588 /* Pods_WorkoutWatchTests.framework */,
				E628643691B9D1FEC025C386 /* Pods_WorkoutWatchUITests.framework */,
			);
			name = Frameworks;
			sourceTree = "<group>";
		};
/* End PBXGroup section */

/* Begin PBXNativeTarget section */
		1E11039D1CCBD96400E348E5 /* WorkoutWatch */ = {
			isa = PBXNativeTarget;
			buildConfigurationList = 1E1103EF1CCBD96400E348E5 /* Build configuration list for PBXNativeTarget "WorkoutWatch" */;
			buildPhases = (
				F1BD4139891D1CECB0653F6C /* 📦 Check Pods Manifest.lock */,
				1E11039A1CCBD96400E348E5 /* Sources */,
				1E11039B1CCBD96400E348E5 /* Frameworks */,
				1E11039C1CCBD96400E348E5 /* Resources */,
				1E1103EE1CCBD96400E348E5 /* Embed Watch Content */,
				FAB5BF97350EBFFD8DFBD96A /* 📦 Embed Pods Frameworks */,
				12BAA354C4F7441699B50D8D /* 📦 Copy Pods Resources */,
				1E7D56751CE98C9900E5C3D8 /* Embed Frameworks */,
			);
			buildRules = (
			);
			dependencies = (
				1E1103C91CCBD96400E348E5 /* PBXTargetDependency */,
			);
			name = WorkoutWatch;
			productName = WorkoutWatch;
			productReference = 1E11039E1CCBD96400E348E5 /* WorkoutWatch.app */;
			productType = "com.apple.product-type.application";
		};
		1E1103B11CCBD96400E348E5 /* WorkoutWatchTests */ = {
			isa = PBXNativeTarget;
			buildConfigurationList = 1E1103F21CCBD96400E348E5 /* Build configuration list for PBXNativeTarget "WorkoutWatchTests" */;
			buildPhases = (
				79DC615DB49E0DBA1EF9ECF7 /* 📦 Check Pods Manifest.lock */,
				1E1103AE1CCBD96400E348E5 /* Sources */,
				1E1103AF1CCBD96400E348E5 /* Frameworks */,
				1E1103B01CCBD96400E348E5 /* Resources */,
				DF52799F0B5592D9704748CF /* 📦 Embed Pods Frameworks */,
				DD8EFEC54726B91D0C904F00 /* 📦 Copy Pods Resources */,
			);
			buildRules = (
			);
			dependencies = (
				1E1103B41CCBD96400E348E5 /* PBXTargetDependency */,
			);
			name = WorkoutWatchTests;
			productName = WorkoutWatchTests;
			productReference = 1E1103B21CCBD96400E348E5 /* WorkoutWatchTests.xctest */;
			productType = "com.apple.product-type.bundle.unit-test";
		};
		1E1103BC1CCBD96400E348E5 /* WorkoutWatchUITests */ = {
			isa = PBXNativeTarget;
			buildConfigurationList = 1E1103F51CCBD96400E348E5 /* Build configuration list for PBXNativeTarget "WorkoutWatchUITests" */;
			buildPhases = (
				67571F612236A8EA69E14BE7 /* 📦 Check Pods Manifest.lock */,
				1E1103B91CCBD96400E348E5 /* Sources */,
				1E1103BA1CCBD96400E348E5 /* Frameworks */,
				1E1103BB1CCBD96400E348E5 /* Resources */,
				7CD65AF43658A12A9682BC8D /* 📦 Copy Pods Resources */,
			);
			buildRules = (
			);
			dependencies = (
				1E1103BF1CCBD96400E348E5 /* PBXTargetDependency */,
			);
			name = WorkoutWatchUITests;
			productName = WorkoutWatchUITests;
			productReference = 1E1103BD1CCBD96400E348E5 /* WorkoutWatchUITests.xctest */;
			productType = "com.apple.product-type.bundle.ui-testing";
		};
		1E1103C51CCBD96400E348E5 /* WorkoutWatch WatchKit App */ = {
			isa = PBXNativeTarget;
			buildConfigurationList = 1E1103EB1CCBD96400E348E5 /* Build configuration list for PBXNativeTarget "WorkoutWatch WatchKit App" */;
			buildPhases = (
				8DCEDA27484B58108FA77CAE /* 📦 Check Pods Manifest.lock */,
				1E1103C41CCBD96400E348E5 /* Resources */,
				1E1103EA1CCBD96400E348E5 /* Embed App Extensions */,
				B2F081B6790C62C3A767F0F6 /* Frameworks */,
				DA6E21B02B2FB1771D2CB877 /* 📦 Copy Pods Resources */,
			);
			buildRules = (
			);
			dependencies = (
				1E1103D81CCBD96400E348E5 /* PBXTargetDependency */,
			);
			name = "WorkoutWatch WatchKit App";
			productName = "WorkoutWatch WatchKit App";
			productReference = 1E1103C61CCBD96400E348E5 /* WorkoutWatch WatchKit App.app */;
			productType = "com.apple.product-type.application.watchapp2";
		};
		1E1103D41CCBD96400E348E5 /* WorkoutWatch WatchKit Extension */ = {
			isa = PBXNativeTarget;
			buildConfigurationList = 1E1103E71CCBD96400E348E5 /* Build configuration list for PBXNativeTarget "WorkoutWatch WatchKit Extension" */;
			buildPhases = (
				9A090A11E66F4422A4F78064 /* 📦 Check Pods Manifest.lock */,
				1E1103D11CCBD96400E348E5 /* Sources */,
				1E1103D21CCBD96400E348E5 /* Frameworks */,
				1E1103D31CCBD96400E348E5 /* Resources */,
				C8720FF1DE4E4CE27C70C1A7 /* 📦 Embed Pods Frameworks */,
				99FB670E52D8478BA0DCEC53 /* 📦 Copy Pods Resources */,
			);
			buildRules = (
			);
			dependencies = (
			);
			name = "WorkoutWatch WatchKit Extension";
			productName = "WorkoutWatch WatchKit Extension";
			productReference = 1E1103D51CCBD96400E348E5 /* WorkoutWatch WatchKit Extension.appex */;
			productType = "com.apple.product-type.watchkit2-extension";
		};
/* End PBXNativeTarget section */

/* Begin PBXProject section */
		1E1103961CCBD96400E348E5 /* Project object */ = {
			isa = PBXProject;
			attributes = {
				LastSwiftUpdateCheck = 0730;
				LastUpgradeCheck = 0730;
				ORGANIZATIONNAME = "Jonathan Wiley";
				TargetAttributes = {
					1E11039D1CCBD96400E348E5 = {
						CreatedOnToolsVersion = 7.3;
						DevelopmentTeam = S96FKFU6V6;
						SystemCapabilities = {
							com.apple.HealthKit = {
								enabled = 1;
							};
						};
					};
					1E1103B11CCBD96400E348E5 = {
						CreatedOnToolsVersion = 7.3;
						TestTargetID = 1E11039D1CCBD96400E348E5;
					};
					1E1103BC1CCBD96400E348E5 = {
						CreatedOnToolsVersion = 7.3;
						TestTargetID = 1E11039D1CCBD96400E348E5;
					};
					1E1103C51CCBD96400E348E5 = {
						CreatedOnToolsVersion = 7.3;
						DevelopmentTeam = S96FKFU6V6;
					};
					1E1103D41CCBD96400E348E5 = {
						CreatedOnToolsVersion = 7.3;
						DevelopmentTeam = S96FKFU6V6;
						SystemCapabilities = {
							com.apple.HealthKit = {
								enabled = 1;
							};
						};
					};
				};
			};
			buildConfigurationList = 1E1103991CCBD96400E348E5 /* Build configuration list for PBXProject "WorkoutWatch" */;
			compatibilityVersion = "Xcode 3.2";
			developmentRegion = English;
			hasScannedForEncodings = 0;
			knownRegions = (
				en,
				Base,
			);
			mainGroup = 1E1103951CCBD96400E348E5;
			productRefGroup = 1E11039F1CCBD96400E348E5 /* Products */;
			projectDirPath = "";
			projectRoot = "";
			targets = (
				1E11039D1CCBD96400E348E5 /* WorkoutWatch */,
				1E1103B11CCBD96400E348E5 /* WorkoutWatchTests */,
				1E1103BC1CCBD96400E348E5 /* WorkoutWatchUITests */,
				1E1103C51CCBD96400E348E5 /* WorkoutWatch WatchKit App */,
				1E1103D41CCBD96400E348E5 /* WorkoutWatch WatchKit Extension */,
			);
		};
/* End PBXProject section */

/* Begin PBXResourcesBuildPhase section */
		1E11039C1CCBD96400E348E5 /* Resources */ = {
			isa = PBXResourcesBuildPhase;
			buildActionMask = 2147483647;
			files = (
				1E1103AC1CCBD96400E348E5 /* LaunchScreen.storyboard in Resources */,
				1E1103A91CCBD96400E348E5 /* Assets.xcassets in Resources */,
				1E2448481CF2AD4300C3B0EF /* WorkoutTemplates in Resources */,
				1E1103A71CCBD96400E348E5 /* Main.storyboard in Resources */,
			);
			runOnlyForDeploymentPostprocessing = 0;
		};
		1E1103B01CCBD96400E348E5 /* Resources */ = {
			isa = PBXResourcesBuildPhase;
			buildActionMask = 2147483647;
			files = (
			);
			runOnlyForDeploymentPostprocessing = 0;
		};
		1E1103BB1CCBD96400E348E5 /* Resources */ = {
			isa = PBXResourcesBuildPhase;
			buildActionMask = 2147483647;
			files = (
			);
			runOnlyForDeploymentPostprocessing = 0;
		};
		1E1103C41CCBD96400E348E5 /* Resources */ = {
			isa = PBXResourcesBuildPhase;
			buildActionMask = 2147483647;
			files = (
				1EB929C81CF53F2400315BD8 /* WorkoutTemplates in Resources */,
				1E1103CF1CCBD96400E348E5 /* Assets.xcassets in Resources */,
				1E1103CD1CCBD96400E348E5 /* Interface.storyboard in Resources */,
			);
			runOnlyForDeploymentPostprocessing = 0;
		};
		1E1103D31CCBD96400E348E5 /* Resources */ = {
			isa = PBXResourcesBuildPhase;
			buildActionMask = 2147483647;
			files = (
				1E2448491CF2AD4300C3B0EF /* WorkoutTemplates in Resources */,
				1E1103E31CCBD96400E348E5 /* Assets.xcassets in Resources */,
			);
			runOnlyForDeploymentPostprocessing = 0;
		};
/* End PBXResourcesBuildPhase section */

/* Begin PBXShellScriptBuildPhase section */
		12BAA354C4F7441699B50D8D /* 📦 Copy Pods Resources */ = {
			isa = PBXShellScriptBuildPhase;
			buildActionMask = 2147483647;
			files = (
			);
			inputPaths = (
			);
			name = "📦 Copy Pods Resources";
			outputPaths = (
			);
			runOnlyForDeploymentPostprocessing = 0;
			shellPath = /bin/sh;
			shellScript = "\"${SRCROOT}/Pods/Target Support Files/Pods-WorkoutWatch/Pods-WorkoutWatch-resources.sh\"\n";
			showEnvVarsInLog = 0;
		};
		67571F612236A8EA69E14BE7 /* 📦 Check Pods Manifest.lock */ = {
			isa = PBXShellScriptBuildPhase;
			buildActionMask = 2147483647;
			files = (
			);
			inputPaths = (
			);
			name = "📦 Check Pods Manifest.lock";
			outputPaths = (
			);
			runOnlyForDeploymentPostprocessing = 0;
			shellPath = /bin/sh;
			shellScript = "diff \"${PODS_ROOT}/../Podfile.lock\" \"${PODS_ROOT}/Manifest.lock\" > /dev/null\nif [[ $? != 0 ]] ; then\n    cat << EOM\nerror: The sandbox is not in sync with the Podfile.lock. Run 'pod install' or update your CocoaPods installation.\nEOM\n    exit 1\nfi\n";
			showEnvVarsInLog = 0;
		};
		79DC615DB49E0DBA1EF9ECF7 /* 📦 Check Pods Manifest.lock */ = {
			isa = PBXShellScriptBuildPhase;
			buildActionMask = 2147483647;
			files = (
			);
			inputPaths = (
			);
			name = "📦 Check Pods Manifest.lock";
			outputPaths = (
			);
			runOnlyForDeploymentPostprocessing = 0;
			shellPath = /bin/sh;
			shellScript = "diff \"${PODS_ROOT}/../Podfile.lock\" \"${PODS_ROOT}/Manifest.lock\" > /dev/null\nif [[ $? != 0 ]] ; then\n    cat << EOM\nerror: The sandbox is not in sync with the Podfile.lock. Run 'pod install' or update your CocoaPods installation.\nEOM\n    exit 1\nfi\n";
			showEnvVarsInLog = 0;
		};
		7CD65AF43658A12A9682BC8D /* 📦 Copy Pods Resources */ = {
			isa = PBXShellScriptBuildPhase;
			buildActionMask = 2147483647;
			files = (
			);
			inputPaths = (
			);
			name = "📦 Copy Pods Resources";
			outputPaths = (
			);
			runOnlyForDeploymentPostprocessing = 0;
			shellPath = /bin/sh;
			shellScript = "\"${SRCROOT}/Pods/Target Support Files/Pods-WorkoutWatchUITests/Pods-WorkoutWatchUITests-resources.sh\"\n";
			showEnvVarsInLog = 0;
		};
		8DCEDA27484B58108FA77CAE /* 📦 Check Pods Manifest.lock */ = {
			isa = PBXShellScriptBuildPhase;
			buildActionMask = 2147483647;
			files = (
			);
			inputPaths = (
			);
			name = "📦 Check Pods Manifest.lock";
			outputPaths = (
			);
			runOnlyForDeploymentPostprocessing = 0;
			shellPath = /bin/sh;
			shellScript = "diff \"${PODS_ROOT}/../Podfile.lock\" \"${PODS_ROOT}/Manifest.lock\" > /dev/null\nif [[ $? != 0 ]] ; then\n    cat << EOM\nerror: The sandbox is not in sync with the Podfile.lock. Run 'pod install' or update your CocoaPods installation.\nEOM\n    exit 1\nfi\n";
			showEnvVarsInLog = 0;
		};
		99FB670E52D8478BA0DCEC53 /* 📦 Copy Pods Resources */ = {
			isa = PBXShellScriptBuildPhase;
			buildActionMask = 2147483647;
			files = (
			);
			inputPaths = (
			);
			name = "📦 Copy Pods Resources";
			outputPaths = (
			);
			runOnlyForDeploymentPostprocessing = 0;
			shellPath = /bin/sh;
			shellScript = "\"${SRCROOT}/Pods/Target Support Files/Pods-WorkoutWatch WatchKit Extension/Pods-WorkoutWatch WatchKit Extension-resources.sh\"\n";
			showEnvVarsInLog = 0;
		};
		9A090A11E66F4422A4F78064 /* 📦 Check Pods Manifest.lock */ = {
			isa = PBXShellScriptBuildPhase;
			buildActionMask = 2147483647;
			files = (
			);
			inputPaths = (
			);
			name = "📦 Check Pods Manifest.lock";
			outputPaths = (
			);
			runOnlyForDeploymentPostprocessing = 0;
			shellPath = /bin/sh;
			shellScript = "diff \"${PODS_ROOT}/../Podfile.lock\" \"${PODS_ROOT}/Manifest.lock\" > /dev/null\nif [[ $? != 0 ]] ; then\n    cat << EOM\nerror: The sandbox is not in sync with the Podfile.lock. Run 'pod install' or update your CocoaPods installation.\nEOM\n    exit 1\nfi\n";
			showEnvVarsInLog = 0;
		};
		C8720FF1DE4E4CE27C70C1A7 /* 📦 Embed Pods Frameworks */ = {
			isa = PBXShellScriptBuildPhase;
			buildActionMask = 2147483647;
			files = (
			);
			inputPaths = (
			);
			name = "📦 Embed Pods Frameworks";
			outputPaths = (
			);
			runOnlyForDeploymentPostprocessing = 0;
			shellPath = /bin/sh;
			shellScript = "\"${SRCROOT}/Pods/Target Support Files/Pods-WorkoutWatch WatchKit Extension/Pods-WorkoutWatch WatchKit Extension-frameworks.sh\"\n";
			showEnvVarsInLog = 0;
		};
		DA6E21B02B2FB1771D2CB877 /* 📦 Copy Pods Resources */ = {
			isa = PBXShellScriptBuildPhase;
			buildActionMask = 2147483647;
			files = (
			);
			inputPaths = (
			);
			name = "📦 Copy Pods Resources";
			outputPaths = (
			);
			runOnlyForDeploymentPostprocessing = 0;
			shellPath = /bin/sh;
			shellScript = "\"${SRCROOT}/Pods/Target Support Files/Pods-WorkoutWatch WatchKit App/Pods-WorkoutWatch WatchKit App-resources.sh\"\n";
			showEnvVarsInLog = 0;
		};
		DD8EFEC54726B91D0C904F00 /* 📦 Copy Pods Resources */ = {
			isa = PBXShellScriptBuildPhase;
			buildActionMask = 2147483647;
			files = (
			);
			inputPaths = (
			);
			name = "📦 Copy Pods Resources";
			outputPaths = (
			);
			runOnlyForDeploymentPostprocessing = 0;
			shellPath = /bin/sh;
			shellScript = "\"${SRCROOT}/Pods/Target Support Files/Pods-WorkoutWatchTests/Pods-WorkoutWatchTests-resources.sh\"\n";
			showEnvVarsInLog = 0;
		};
		DF52799F0B5592D9704748CF /* 📦 Embed Pods Frameworks */ = {
			isa = PBXShellScriptBuildPhase;
			buildActionMask = 2147483647;
			files = (
			);
			inputPaths = (
			);
			name = "📦 Embed Pods Frameworks";
			outputPaths = (
			);
			runOnlyForDeploymentPostprocessing = 0;
			shellPath = /bin/sh;
			shellScript = "\"${SRCROOT}/Pods/Target Support Files/Pods-WorkoutWatchTests/Pods-WorkoutWatchTests-frameworks.sh\"\n";
			showEnvVarsInLog = 0;
		};
		F1BD4139891D1CECB0653F6C /* 📦 Check Pods Manifest.lock */ = {
			isa = PBXShellScriptBuildPhase;
			buildActionMask = 2147483647;
			files = (
			);
			inputPaths = (
			);
			name = "📦 Check Pods Manifest.lock";
			outputPaths = (
			);
			runOnlyForDeploymentPostprocessing = 0;
			shellPath = /bin/sh;
			shellScript = "diff \"${PODS_ROOT}/../Podfile.lock\" \"${PODS_ROOT}/Manifest.lock\" > /dev/null\nif [[ $? != 0 ]] ; then\n    cat << EOM\nerror: The sandbox is not in sync with the Podfile.lock. Run 'pod install' or update your CocoaPods installation.\nEOM\n    exit 1\nfi\n";
			showEnvVarsInLog = 0;
		};
		FAB5BF97350EBFFD8DFBD96A /* 📦 Embed Pods Frameworks */ = {
			isa = PBXShellScriptBuildPhase;
			buildActionMask = 2147483647;
			files = (
			);
			inputPaths = (
			);
			name = "📦 Embed Pods Frameworks";
			outputPaths = (
			);
			runOnlyForDeploymentPostprocessing = 0;
			shellPath = /bin/sh;
			shellScript = "\"${SRCROOT}/Pods/Target Support Files/Pods-WorkoutWatch/Pods-WorkoutWatch-frameworks.sh\"\n";
			showEnvVarsInLog = 0;
		};
/* End PBXShellScriptBuildPhase section */

/* Begin PBXSourcesBuildPhase section */
		1E11039A1CCBD96400E348E5 /* Sources */ = {
			isa = PBXSourcesBuildPhase;
			buildActionMask = 2147483647;
			files = (
				1EFF568A1CEBE9B40066ED85 /* SelectWorkoutViewController.swift in Sources */,
				1E7D55F81CE9741D00E5C3D8 /* OnboardingHealthKitPermissionsViewController.swift in Sources */,
				1E2448451CF2AD3B00C3B0EF /* WorkoutTemplateService.swift in Sources */,
				1E24483F1CF2AD3B00C3B0EF /* HealthKitManager.swift in Sources */,
				1EB929D31CF55B2C00315BD8 /* HealthKitWorkoutObserver.swift in Sources */,
				1EFACC571CEC1D00000D725F /* WorkoutTemplateTableViewCell.swift in Sources */,
				1E7D567A1CE9909100E5C3D8 /* OnboardingAgeViewController.swift in Sources */,
				1E2448431CF2AD3B00C3B0EF /* WorkoutTemplate.swift in Sources */,
				1E1103A21CCBD96400E348E5 /* AppDelegate.swift in Sources */,
				1EFACC591CEC2128000D725F /* ActiveWorkoutViewController.swift in Sources */,
				1E2448411CF2AD3B00C3B0EF /* WorkoutStep.swift in Sources */,
				1E24484D1CF51A7700C3B0EF /* WatchConnectivityManager.swift in Sources */,
				1E7D55FB1CE979BC00E5C3D8 /* DefaultsKeysExtension.swift in Sources */,
			);
			runOnlyForDeploymentPostprocessing = 0;
		};
		1E1103AE1CCBD96400E348E5 /* Sources */ = {
			isa = PBXSourcesBuildPhase;
			buildActionMask = 2147483647;
			files = (
				1E1103B71CCBD96400E348E5 /* WorkoutWatchTests.swift in Sources */,
			);
			runOnlyForDeploymentPostprocessing = 0;
		};
		1E1103B91CCBD96400E348E5 /* Sources */ = {
			isa = PBXSourcesBuildPhase;
			buildActionMask = 2147483647;
			files = (
				1E1103C21CCBD96400E348E5 /* WorkoutWatchUITests.swift in Sources */,
			);
			runOnlyForDeploymentPostprocessing = 0;
		};
		1E1103D11CCBD96400E348E5 /* Sources */ = {
			isa = PBXSourcesBuildPhase;
			buildActionMask = 2147483647;
			files = (
				1E2448421CF2AD3B00C3B0EF /* WorkoutStep.swift in Sources */,
				1E1103E11CCBD96400E348E5 /* NotificationController.swift in Sources */,
				1E2448401CF2AD3B00C3B0EF /* HealthKitManager.swift in Sources */,
				1EB929D41CF55B2C00315BD8 /* HealthKitWorkoutObserver.swift in Sources */,
				1EB929D81CF56CCF00315BD8 /* WorkoutManager.swift in Sources */,
				1E1103DF1CCBD96400E348E5 /* ExtensionDelegate.swift in Sources */,
				1E1103DD1CCBD96400E348E5 /* InterfaceController.swift in Sources */,
				1E2447E11CF2606600C3B0EF /* WorkoutSessionController.swift in Sources */,
				1E2448441CF2AD3B00C3B0EF /* WorkoutTemplate.swift in Sources */,
				1EB929D51CF5626500315BD8 /* WatchConnectivityManager.swift in Sources */,
				1E2448461CF2AD3B00C3B0EF /* WorkoutTemplateService.swift in Sources */,
			);
			runOnlyForDeploymentPostprocessing = 0;
		};
/* End PBXSourcesBuildPhase section */

/* Begin PBXTargetDependency section */
		1E1103B41CCBD96400E348E5 /* PBXTargetDependency */ = {
			isa = PBXTargetDependency;
			target = 1E11039D1CCBD96400E348E5 /* WorkoutWatch */;
			targetProxy = 1E1103B31CCBD96400E348E5 /* PBXContainerItemProxy */;
		};
		1E1103BF1CCBD96400E348E5 /* PBXTargetDependency */ = {
			isa = PBXTargetDependency;
			target = 1E11039D1CCBD96400E348E5 /* WorkoutWatch */;
			targetProxy = 1E1103BE1CCBD96400E348E5 /* PBXContainerItemProxy */;
		};
		1E1103C91CCBD96400E348E5 /* PBXTargetDependency */ = {
			isa = PBXTargetDependency;
			target = 1E1103C51CCBD96400E348E5 /* WorkoutWatch WatchKit App */;
			targetProxy = 1E1103C81CCBD96400E348E5 /* PBXContainerItemProxy */;
		};
		1E1103D81CCBD96400E348E5 /* PBXTargetDependency */ = {
			isa = PBXTargetDependency;
			target = 1E1103D41CCBD96400E348E5 /* WorkoutWatch WatchKit Extension */;
			targetProxy = 1E1103D71CCBD96400E348E5 /* PBXContainerItemProxy */;
		};
/* End PBXTargetDependency section */

/* Begin PBXVariantGroup section */
		1E1103A51CCBD96400E348E5 /* Main.storyboard */ = {
			isa = PBXVariantGroup;
			children = (
				1E1103A61CCBD96400E348E5 /* Base */,
			);
			name = Main.storyboard;
			sourceTree = "<group>";
		};
		1E1103AA1CCBD96400E348E5 /* LaunchScreen.storyboard */ = {
			isa = PBXVariantGroup;
			children = (
				1E1103AB1CCBD96400E348E5 /* Base */,
			);
			name = LaunchScreen.storyboard;
			sourceTree = "<group>";
		};
		1E1103CB1CCBD96400E348E5 /* Interface.storyboard */ = {
			isa = PBXVariantGroup;
			children = (
				1E1103CC1CCBD96400E348E5 /* Base */,
			);
			name = Interface.storyboard;
			sourceTree = "<group>";
		};
/* End PBXVariantGroup section */

/* Begin XCBuildConfiguration section */
		1E1103E51CCBD96400E348E5 /* Debug */ = {
			isa = XCBuildConfiguration;
			buildSettings = {
				ALWAYS_SEARCH_USER_PATHS = NO;
				CLANG_ANALYZER_NONNULL = YES;
				CLANG_CXX_LANGUAGE_STANDARD = "gnu++0x";
				CLANG_CXX_LIBRARY = "libc++";
				CLANG_ENABLE_MODULES = YES;
				CLANG_ENABLE_OBJC_ARC = YES;
				CLANG_WARN_BOOL_CONVERSION = YES;
				CLANG_WARN_CONSTANT_CONVERSION = YES;
				CLANG_WARN_DIRECT_OBJC_ISA_USAGE = YES_ERROR;
				CLANG_WARN_EMPTY_BODY = YES;
				CLANG_WARN_ENUM_CONVERSION = YES;
				CLANG_WARN_INT_CONVERSION = YES;
				CLANG_WARN_OBJC_ROOT_CLASS = YES_ERROR;
				CLANG_WARN_UNREACHABLE_CODE = YES;
				CLANG_WARN__DUPLICATE_METHOD_MATCH = YES;
				"CODE_SIGN_IDENTITY[sdk=iphoneos*]" = "iPhone Developer";
				COPY_PHASE_STRIP = NO;
				DEBUG_INFORMATION_FORMAT = dwarf;
				ENABLE_STRICT_OBJC_MSGSEND = YES;
				ENABLE_TESTABILITY = YES;
				GCC_C_LANGUAGE_STANDARD = gnu99;
				GCC_DYNAMIC_NO_PIC = NO;
				GCC_NO_COMMON_BLOCKS = YES;
				GCC_OPTIMIZATION_LEVEL = 0;
				GCC_PREPROCESSOR_DEFINITIONS = (
					"DEBUG=1",
					"$(inherited)",
				);
				GCC_WARN_64_TO_32_BIT_CONVERSION = YES;
				GCC_WARN_ABOUT_RETURN_TYPE = YES_ERROR;
				GCC_WARN_UNDECLARED_SELECTOR = YES;
				GCC_WARN_UNINITIALIZED_AUTOS = YES_AGGRESSIVE;
				GCC_WARN_UNUSED_FUNCTION = YES;
				GCC_WARN_UNUSED_VARIABLE = YES;
				IPHONEOS_DEPLOYMENT_TARGET = 9.3;
				MTL_ENABLE_DEBUG_INFO = YES;
				ONLY_ACTIVE_ARCH = YES;
				SDKROOT = iphoneos;
				SWIFT_OPTIMIZATION_LEVEL = "-Onone";
				TARGETED_DEVICE_FAMILY = "1,2";
			};
			name = Debug;
		};
		1E1103E61CCBD96400E348E5 /* Release */ = {
			isa = XCBuildConfiguration;
			buildSettings = {
				ALWAYS_SEARCH_USER_PATHS = NO;
				CLANG_ANALYZER_NONNULL = YES;
				CLANG_CXX_LANGUAGE_STANDARD = "gnu++0x";
				CLANG_CXX_LIBRARY = "libc++";
				CLANG_ENABLE_MODULES = YES;
				CLANG_ENABLE_OBJC_ARC = YES;
				CLANG_WARN_BOOL_CONVERSION = YES;
				CLANG_WARN_CONSTANT_CONVERSION = YES;
				CLANG_WARN_DIRECT_OBJC_ISA_USAGE = YES_ERROR;
				CLANG_WARN_EMPTY_BODY = YES;
				CLANG_WARN_ENUM_CONVERSION = YES;
				CLANG_WARN_INT_CONVERSION = YES;
				CLANG_WARN_OBJC_ROOT_CLASS = YES_ERROR;
				CLANG_WARN_UNREACHABLE_CODE = YES;
				CLANG_WARN__DUPLICATE_METHOD_MATCH = YES;
				"CODE_SIGN_IDENTITY[sdk=iphoneos*]" = "iPhone Developer";
				COPY_PHASE_STRIP = NO;
				DEBUG_INFORMATION_FORMAT = "dwarf-with-dsym";
				ENABLE_NS_ASSERTIONS = NO;
				ENABLE_STRICT_OBJC_MSGSEND = YES;
				GCC_C_LANGUAGE_STANDARD = gnu99;
				GCC_NO_COMMON_BLOCKS = YES;
				GCC_WARN_64_TO_32_BIT_CONVERSION = YES;
				GCC_WARN_ABOUT_RETURN_TYPE = YES_ERROR;
				GCC_WARN_UNDECLARED_SELECTOR = YES;
				GCC_WARN_UNINITIALIZED_AUTOS = YES_AGGRESSIVE;
				GCC_WARN_UNUSED_FUNCTION = YES;
				GCC_WARN_UNUSED_VARIABLE = YES;
				IPHONEOS_DEPLOYMENT_TARGET = 9.3;
				MTL_ENABLE_DEBUG_INFO = NO;
				SDKROOT = iphoneos;
				TARGETED_DEVICE_FAMILY = "1,2";
				VALIDATE_PRODUCT = YES;
			};
			name = Release;
		};
		1E1103E81CCBD96400E348E5 /* Debug */ = {
			isa = XCBuildConfiguration;
			baseConfigurationReference = B0A74B50F39F7B9CA181153F /* Pods-WorkoutWatch WatchKit Extension.debug.xcconfig */;
			buildSettings = {
				CODE_SIGN_ENTITLEMENTS = "WorkoutWatch WatchKit Extension/WorkoutWatch WatchKit Extension.entitlements";
				INFOPLIST_FILE = "WorkoutWatch WatchKit Extension/Info.plist";
				LD_RUNPATH_SEARCH_PATHS = "$(inherited) @executable_path/Frameworks @executable_path/../../Frameworks";
				PRODUCT_BUNDLE_IDENTIFIER = com.lunarlincoln.WorkoutWatch.watchkitapp.watchkitextension;
				PRODUCT_NAME = "${TARGET_NAME}";
				SDKROOT = watchos;
				SKIP_INSTALL = YES;
				TARGETED_DEVICE_FAMILY = 4;
				WATCHOS_DEPLOYMENT_TARGET = 2.2;
			};
			name = Debug;
		};
		1E1103E91CCBD96400E348E5 /* Release */ = {
			isa = XCBuildConfiguration;
			baseConfigurationReference = 1160B926D438A69B0D26ED5A /* Pods-WorkoutWatch WatchKit Extension.release.xcconfig */;
			buildSettings = {
				CODE_SIGN_ENTITLEMENTS = "WorkoutWatch WatchKit Extension/WorkoutWatch WatchKit Extension.entitlements";
				INFOPLIST_FILE = "WorkoutWatch WatchKit Extension/Info.plist";
				LD_RUNPATH_SEARCH_PATHS = "$(inherited) @executable_path/Frameworks @executable_path/../../Frameworks";
				PRODUCT_BUNDLE_IDENTIFIER = com.lunarlincoln.WorkoutWatch.watchkitapp.watchkitextension;
				PRODUCT_NAME = "${TARGET_NAME}";
				SDKROOT = watchos;
				SKIP_INSTALL = YES;
				TARGETED_DEVICE_FAMILY = 4;
				WATCHOS_DEPLOYMENT_TARGET = 2.2;
			};
			name = Release;
		};
		1E1103EC1CCBD96400E348E5 /* Debug */ = {
			isa = XCBuildConfiguration;
			baseConfigurationReference = 8A5FAED8914837EAFAC41B76 /* Pods-WorkoutWatch WatchKit App.debug.xcconfig */;
			buildSettings = {
				ASSETCATALOG_COMPILER_APPICON_NAME = AppIcon;
				CODE_SIGN_IDENTITY = "iPhone Developer";
				EMBEDDED_CONTENT_CONTAINS_SWIFT = YES;
				IBSC_MODULE = WorkoutWatch_WatchKit_Extension;
				INFOPLIST_FILE = "WorkoutWatch WatchKit App/Info.plist";
				PRODUCT_BUNDLE_IDENTIFIER = com.lunarlincoln.WorkoutWatch.watchkitapp;
				PRODUCT_NAME = "$(TARGET_NAME)";
				SDKROOT = watchos;
				SKIP_INSTALL = YES;
				TARGETED_DEVICE_FAMILY = 4;
				WATCHOS_DEPLOYMENT_TARGET = 2.2;
			};
			name = Debug;
		};
		1E1103ED1CCBD96400E348E5 /* Release */ = {
			isa = XCBuildConfiguration;
			baseConfigurationReference = 918F260CE620625B198DC3B9 /* Pods-WorkoutWatch WatchKit App.release.xcconfig */;
			buildSettings = {
				ASSETCATALOG_COMPILER_APPICON_NAME = AppIcon;
				CODE_SIGN_IDENTITY = "iPhone Developer";
				EMBEDDED_CONTENT_CONTAINS_SWIFT = YES;
				IBSC_MODULE = WorkoutWatch_WatchKit_Extension;
				INFOPLIST_FILE = "WorkoutWatch WatchKit App/Info.plist";
				PRODUCT_BUNDLE_IDENTIFIER = com.lunarlincoln.WorkoutWatch.watchkitapp;
				PRODUCT_NAME = "$(TARGET_NAME)";
				SDKROOT = watchos;
				SKIP_INSTALL = YES;
				TARGETED_DEVICE_FAMILY = 4;
				WATCHOS_DEPLOYMENT_TARGET = 2.2;
			};
			name = Release;
		};
		1E1103F01CCBD96400E348E5 /* Debug */ = {
			isa = XCBuildConfiguration;
			baseConfigurationReference = 6FEE992733BD3F717F1D82C8 /* Pods-WorkoutWatch.debug.xcconfig */;
			buildSettings = {
				ASSETCATALOG_COMPILER_APPICON_NAME = AppIcon;
				CODE_SIGN_ENTITLEMENTS = WorkoutWatch/WorkoutWatch.entitlements;
				INFOPLIST_FILE = WorkoutWatch/Info.plist;
				LD_RUNPATH_SEARCH_PATHS = "$(inherited) @executable_path/Frameworks";
				PRODUCT_BUNDLE_IDENTIFIER = com.lunarlincoln.WorkoutWatch;
				PRODUCT_NAME = "$(TARGET_NAME)";
			};
			name = Debug;
		};
		1E1103F11CCBD96400E348E5 /* Release */ = {
			isa = XCBuildConfiguration;
			baseConfigurationReference = 7DDE26E5C7FFE7799D62C0A4 /* Pods-WorkoutWatch.release.xcconfig */;
			buildSettings = {
				ASSETCATALOG_COMPILER_APPICON_NAME = AppIcon;
				CODE_SIGN_ENTITLEMENTS = WorkoutWatch/WorkoutWatch.entitlements;
				INFOPLIST_FILE = WorkoutWatch/Info.plist;
				LD_RUNPATH_SEARCH_PATHS = "$(inherited) @executable_path/Frameworks";
				PRODUCT_BUNDLE_IDENTIFIER = com.lunarlincoln.WorkoutWatch;
				PRODUCT_NAME = "$(TARGET_NAME)";
			};
			name = Release;
		};
		1E1103F31CCBD96400E348E5 /* Debug */ = {
			isa = XCBuildConfiguration;
			baseConfigurationReference = 251F5316448304AB92FB2169 /* Pods-WorkoutWatchTests.debug.xcconfig */;
			buildSettings = {
				BUNDLE_LOADER = "$(TEST_HOST)";
				INFOPLIST_FILE = WorkoutWatchTests/Info.plist;
				LD_RUNPATH_SEARCH_PATHS = "$(inherited) @executable_path/Frameworks @loader_path/Frameworks";
				PRODUCT_BUNDLE_IDENTIFIER = com.lunarlincoln.WorkoutWatchTests;
				PRODUCT_NAME = "$(TARGET_NAME)";
				TEST_HOST = "$(BUILT_PRODUCTS_DIR)/WorkoutWatch.app/WorkoutWatch";
			};
			name = Debug;
		};
		1E1103F41CCBD96400E348E5 /* Release */ = {
			isa = XCBuildConfiguration;
			baseConfigurationReference = 6C7BE32F6B536C6626EDFD7C /* Pods-WorkoutWatchTests.release.xcconfig */;
			buildSettings = {
				BUNDLE_LOADER = "$(TEST_HOST)";
				INFOPLIST_FILE = WorkoutWatchTests/Info.plist;
				LD_RUNPATH_SEARCH_PATHS = "$(inherited) @executable_path/Frameworks @loader_path/Frameworks";
				PRODUCT_BUNDLE_IDENTIFIER = com.lunarlincoln.WorkoutWatchTests;
				PRODUCT_NAME = "$(TARGET_NAME)";
				TEST_HOST = "$(BUILT_PRODUCTS_DIR)/WorkoutWatch.app/WorkoutWatch";
			};
			name = Release;
		};
		1E1103F61CCBD96400E348E5 /* Debug */ = {
			isa = XCBuildConfiguration;
			baseConfigurationReference = BE48F4ECA71C0FA8D24FC1B3 /* Pods-WorkoutWatchUITests.debug.xcconfig */;
			buildSettings = {
				INFOPLIST_FILE = WorkoutWatchUITests/Info.plist;
				LD_RUNPATH_SEARCH_PATHS = "$(inherited) @executable_path/Frameworks @loader_path/Frameworks";
				PRODUCT_BUNDLE_IDENTIFIER = com.lunarlincoln.WorkoutWatchUITests;
				PRODUCT_NAME = "$(TARGET_NAME)";
				TEST_TARGET_NAME = WorkoutWatch;
			};
			name = Debug;
		};
		1E1103F71CCBD96400E348E5 /* Release */ = {
			isa = XCBuildConfiguration;
			baseConfigurationReference = 024A0098A6F4866ADE67C60F /* Pods-WorkoutWatchUITests.release.xcconfig */;
			buildSettings = {
				INFOPLIST_FILE = WorkoutWatchUITests/Info.plist;
				LD_RUNPATH_SEARCH_PATHS = "$(inherited) @executable_path/Frameworks @loader_path/Frameworks";
				PRODUCT_BUNDLE_IDENTIFIER = com.lunarlincoln.WorkoutWatchUITests;
				PRODUCT_NAME = "$(TARGET_NAME)";
				TEST_TARGET_NAME = WorkoutWatch;
			};
			name = Release;
		};
/* End XCBuildConfiguration section */

/* Begin XCConfigurationList section */
		1E1103991CCBD96400E348E5 /* Build configuration list for PBXProject "WorkoutWatch" */ = {
			isa = XCConfigurationList;
			buildConfigurations = (
				1E1103E51CCBD96400E348E5 /* Debug */,
				1E1103E61CCBD96400E348E5 /* Release */,
			);
			defaultConfigurationIsVisible = 0;
			defaultConfigurationName = Release;
		};
		1E1103E71CCBD96400E348E5 /* Build configuration list for PBXNativeTarget "WorkoutWatch WatchKit Extension" */ = {
			isa = XCConfigurationList;
			buildConfigurations = (
				1E1103E81CCBD96400E348E5 /* Debug */,
				1E1103E91CCBD96400E348E5 /* Release */,
			);
			defaultConfigurationIsVisible = 0;
			defaultConfigurationName = Release;
		};
		1E1103EB1CCBD96400E348E5 /* Build configuration list for PBXNativeTarget "WorkoutWatch WatchKit App" */ = {
			isa = XCConfigurationList;
			buildConfigurations = (
				1E1103EC1CCBD96400E348E5 /* Debug */,
				1E1103ED1CCBD96400E348E5 /* Release */,
			);
			defaultConfigurationIsVisible = 0;
			defaultConfigurationName = Release;
		};
		1E1103EF1CCBD96400E348E5 /* Build configuration list for PBXNativeTarget "WorkoutWatch" */ = {
			isa = XCConfigurationList;
			buildConfigurations = (
				1E1103F01CCBD96400E348E5 /* Debug */,
				1E1103F11CCBD96400E348E5 /* Release */,
			);
			defaultConfigurationIsVisible = 0;
			defaultConfigurationName = Release;
		};
		1E1103F21CCBD96400E348E5 /* Build configuration list for PBXNativeTarget "WorkoutWatchTests" */ = {
			isa = XCConfigurationList;
			buildConfigurations = (
				1E1103F31CCBD96400E348E5 /* Debug */,
				1E1103F41CCBD96400E348E5 /* Release */,
			);
			defaultConfigurationIsVisible = 0;
			defaultConfigurationName = Release;
		};
		1E1103F51CCBD96400E348E5 /* Build configuration list for PBXNativeTarget "WorkoutWatchUITests" */ = {
			isa = XCConfigurationList;
			buildConfigurations = (
				1E1103F61CCBD96400E348E5 /* Debug */,
				1E1103F71CCBD96400E348E5 /* Release */,
			);
			defaultConfigurationIsVisible = 0;
			defaultConfigurationName = Release;
		};
/* End XCConfigurationList section */
	};
	rootObject = 1E1103961CCBD96400E348E5 /* Project object */;
}
